{
    "version": 3,
    "terraform_version": "0.11.2",
    "serial": 2,
    "lineage": "9c788a89-71ec-4885-930a-321b98f87871",
    "modules": [
        {
            "path": [
                "root"
            ],
            "outputs": {},
            "resources": {
                "aws_internet_gateway.igw_tf": {
                    "type": "aws_internet_gateway",
                    "depends_on": [
                        "aws_vpc.tf-vpc"
                    ],
                    "primary": {
                        "id": "igw-f2f35d95",
                        "attributes": {
                            "id": "igw-f2f35d95",
                            "tags.%": "1",
                            "tags.Name": "TF - IGW",
                            "vpc_id": "vpc-604eb106"
                        },
                        "meta": {},
                        "tainted": false
                    },
                    "deposed": [],
                    "provider": "provider.aws"
                },
                "aws_route.rt_tf_web": {
                    "type": "aws_route",
                    "depends_on": [
                        "aws_internet_gateway.igw_tf",
                        "aws_vpc.tf-vpc"
                    ],
                    "primary": {
                        "id": "r-rtb-5f9a9d391080289494",
                        "attributes": {
                            "destination_cidr_block": "0.0.0.0/0",
                            "destination_prefix_list_id": "",
                            "egress_only_gateway_id": "",
                            "gateway_id": "igw-f2f35d95",
                            "id": "r-rtb-5f9a9d391080289494",
                            "instance_id": "",
                            "instance_owner_id": "",
                            "nat_gateway_id": "",
                            "network_interface_id": "",
                            "origin": "CreateRoute",
                            "route_table_id": "rtb-5f9a9d39",
                            "state": "active",
                            "vpc_peering_connection_id": ""
                        },
                        "meta": {},
                        "tainted": false
                    },
                    "deposed": [],
                    "provider": "provider.aws"
                },
                "aws_subnet.tf-db": {
                    "type": "aws_subnet",
                    "depends_on": [
                        "aws_vpc.tf-vpc"
                    ],
                    "primary": {
                        "id": "subnet-924461c9",
                        "attributes": {
                            "assign_ipv6_address_on_creation": "false",
                            "availability_zone": "eu-west-1b",
                            "cidr_block": "172.21.1.0/24",
                            "id": "subnet-924461c9",
                            "map_public_ip_on_launch": "false",
                            "tags.%": "1",
                            "tags.Name": "tf-db",
                            "vpc_id": "vpc-604eb106"
                        },
                        "meta": {
                            "schema_version": "1"
                        },
                        "tainted": false
                    },
                    "deposed": [],
                    "provider": "provider.aws"
                },
                "aws_subnet.tf-web": {
                    "type": "aws_subnet",
                    "depends_on": [
                        "aws_vpc.tf-vpc"
                    ],
                    "primary": {
                        "id": "subnet-c3a9458b",
                        "attributes": {
                            "assign_ipv6_address_on_creation": "false",
                            "availability_zone": "eu-west-1a",
                            "cidr_block": "172.21.0.0/24",
                            "id": "subnet-c3a9458b",
                            "map_public_ip_on_launch": "true",
                            "tags.%": "1",
                            "tags.Name": "tf-web",
                            "vpc_id": "vpc-604eb106"
                        },
                        "meta": {
                            "schema_version": "1"
                        },
                        "tainted": false
                    },
                    "deposed": [],
                    "provider": "provider.aws"
                },
                "aws_vpc.tf-vpc": {
                    "type": "aws_vpc",
                    "depends_on": [],
                    "primary": {
                        "id": "vpc-604eb106",
                        "attributes": {
                            "assign_generated_ipv6_cidr_block": "false",
                            "cidr_block": "172.21.0.0/16",
                            "default_network_acl_id": "acl-48f6962e",
                            "default_route_table_id": "rtb-5f9a9d39",
                            "default_security_group_id": "sg-3d9a7f47",
                            "dhcp_options_id": "dopt-4e0e402b",
                            "enable_classiclink": "false",
                            "enable_classiclink_dns_support": "false",
                            "enable_dns_hostnames": "false",
                            "enable_dns_support": "true",
                            "id": "vpc-604eb106",
                            "instance_tenancy": "default",
                            "main_route_table_id": "rtb-5f9a9d39",
                            "tags.%": "1",
                            "tags.Name": "TF VPC - Lamp"
                        },
                        "meta": {
                            "schema_version": "1"
                        },
                        "tainted": false
                    },
                    "deposed": [],
                    "provider": "provider.aws"
                }
            },
            "depends_on": []
        },
        {
            "path": [
                "root",
                "db"
            ],
            "outputs": {
                "private_ip": {
                    "sensitive": false,
                    "type": "string",
                    "value": "172.21.1.113"
                },
                "public_ip": {
                    "sensitive": false,
                    "type": "string",
                    "value": ""
                }
            },
            "resources": {
                "aws_instance.db": {
                    "type": "aws_instance",
                    "depends_on": [
                        "aws_security_group.test-db"
                    ],
                    "primary": {
                        "id": "i-0c7b95c070c344a22",
                        "attributes": {
                            "ami": "ami-1a962263",
                            "associate_public_ip_address": "false",
                            "availability_zone": "eu-west-1b",
                            "disable_api_termination": "false",
                            "ebs_block_device.#": "0",
                            "ebs_optimized": "false",
                            "ephemeral_block_device.#": "0",
                            "iam_instance_profile": "",
                            "id": "i-0c7b95c070c344a22",
                            "instance_state": "running",
                            "instance_type": "t2.micro",
                            "ipv6_addresses.#": "0",
                            "key_name": "arocki7",
                            "monitoring": "false",
                            "network_interface.#": "0",
                            "network_interface_id": "eni-9fcf3a9d",
                            "placement_group": "",
                            "primary_network_interface_id": "eni-9fcf3a9d",
                            "private_dns": "ip-172-21-1-113.eu-west-1.compute.internal",
                            "private_ip": "172.21.1.113",
                            "public_dns": "",
                            "public_ip": "",
                            "root_block_device.#": "1",
                            "root_block_device.0.delete_on_termination": "true",
                            "root_block_device.0.iops": "100",
                            "root_block_device.0.volume_id": "vol-0c0db2e8d7e0ba8a3",
                            "root_block_device.0.volume_size": "8",
                            "root_block_device.0.volume_type": "gp2",
                            "security_groups.#": "0",
                            "source_dest_check": "true",
                            "subnet_id": "subnet-924461c9",
                            "tags.%": "1",
                            "tags.Name": "DB",
                            "tenancy": "default",
                            "volume_tags.%": "0",
                            "vpc_security_group_ids.#": "1",
                            "vpc_security_group_ids.129696432": "sg-12e70268"
                        },
                        "meta": {
                            "e2bfb730-ecaa-11e6-8f88-34363bc7c4c0": {
                                "create": 600000000000,
                                "delete": 600000000000,
                                "update": 600000000000
                            },
                            "schema_version": "1"
                        },
                        "tainted": false
                    },
                    "deposed": [],
                    "provider": "provider.aws"
                },
                "aws_security_group.test-db": {
                    "type": "aws_security_group",
                    "depends_on": [],
                    "primary": {
                        "id": "sg-12e70268",
                        "attributes": {
                            "description": "Security Group for DB Server",
                            "egress.#": "1",
                            "egress.482069346.cidr_blocks.#": "1",
                            "egress.482069346.cidr_blocks.0": "0.0.0.0/0",
                            "egress.482069346.description": "",
                            "egress.482069346.from_port": "0",
                            "egress.482069346.ipv6_cidr_blocks.#": "0",
                            "egress.482069346.prefix_list_ids.#": "0",
                            "egress.482069346.protocol": "-1",
                            "egress.482069346.security_groups.#": "0",
                            "egress.482069346.self": "false",
                            "egress.482069346.to_port": "0",
                            "id": "sg-12e70268",
                            "ingress.#": "2",
                            "ingress.1163740523.cidr_blocks.#": "1",
                            "ingress.1163740523.cidr_blocks.0": "0.0.0.0/0",
                            "ingress.1163740523.description": "",
                            "ingress.1163740523.from_port": "3306",
                            "ingress.1163740523.ipv6_cidr_blocks.#": "0",
                            "ingress.1163740523.protocol": "tcp",
                            "ingress.1163740523.security_groups.#": "0",
                            "ingress.1163740523.self": "false",
                            "ingress.1163740523.to_port": "3306",
                            "ingress.2541437006.cidr_blocks.#": "1",
                            "ingress.2541437006.cidr_blocks.0": "0.0.0.0/0",
                            "ingress.2541437006.description": "",
                            "ingress.2541437006.from_port": "22",
                            "ingress.2541437006.ipv6_cidr_blocks.#": "0",
                            "ingress.2541437006.protocol": "tcp",
                            "ingress.2541437006.security_groups.#": "0",
                            "ingress.2541437006.self": "false",
                            "ingress.2541437006.to_port": "22",
                            "name": "test-db",
                            "owner_id": "104872681140",
                            "revoke_rules_on_delete": "false",
                            "tags.%": "1",
                            "tags.Name": "test-db",
                            "vpc_id": "vpc-604eb106"
                        },
                        "meta": {
                            "schema_version": "1"
                        },
                        "tainted": false
                    },
                    "deposed": [],
                    "provider": "provider.aws"
                }
            },
            "depends_on": []
        },
        {
            "path": [
                "root",
                "web"
            ],
            "outputs": {
                "private_ip": {
                    "sensitive": false,
                    "type": "string",
                    "value": "172.21.0.195"
                },
                "public_ip": {
                    "sensitive": false,
                    "type": "string",
                    "value": "34.242.47.110"
                },
                "url": {
                    "sensitive": false,
                    "type": "string",
                    "value": "http://34.242.47.110"
                }
            },
            "resources": {
                "aws_instance.web": {
                    "type": "aws_instance",
                    "depends_on": [
                        "aws_security_group.test-web"
                    ],
                    "primary": {
                        "id": "i-0f293c9f379df81bf",
                        "attributes": {
                            "ami": "ami-1a962263",
                            "associate_public_ip_address": "true",
                            "availability_zone": "eu-west-1a",
                            "disable_api_termination": "false",
                            "ebs_block_device.#": "0",
                            "ebs_optimized": "false",
                            "ephemeral_block_device.#": "0",
                            "iam_instance_profile": "",
                            "id": "i-0f293c9f379df81bf",
                            "instance_state": "running",
                            "instance_type": "t2.micro",
                            "ipv6_addresses.#": "0",
                            "key_name": "arocki7",
                            "monitoring": "false",
                            "network_interface.#": "0",
                            "network_interface_id": "eni-82f66cb2",
                            "placement_group": "",
                            "primary_network_interface_id": "eni-82f66cb2",
                            "private_dns": "ip-172-21-0-195.eu-west-1.compute.internal",
                            "private_ip": "172.21.0.195",
                            "public_dns": "",
                            "public_ip": "34.242.47.110",
                            "root_block_device.#": "1",
                            "root_block_device.0.delete_on_termination": "true",
                            "root_block_device.0.iops": "100",
                            "root_block_device.0.volume_id": "vol-0cfeba16501328a3e",
                            "root_block_device.0.volume_size": "8",
                            "root_block_device.0.volume_type": "gp2",
                            "security_groups.#": "0",
                            "source_dest_check": "true",
                            "subnet_id": "subnet-c3a9458b",
                            "tags.%": "1",
                            "tags.Name": "Web",
                            "tenancy": "default",
                            "volume_tags.%": "0",
                            "vpc_security_group_ids.#": "1",
                            "vpc_security_group_ids.1002384942": "sg-7ce20706"
                        },
                        "meta": {
                            "e2bfb730-ecaa-11e6-8f88-34363bc7c4c0": {
                                "create": 600000000000,
                                "delete": 600000000000,
                                "update": 600000000000
                            },
                            "schema_version": "1"
                        },
                        "tainted": false
                    },
                    "deposed": [],
                    "provider": "provider.aws"
                },
                "aws_security_group.test-web": {
                    "type": "aws_security_group",
                    "depends_on": [],
                    "primary": {
                        "id": "sg-7ce20706",
                        "attributes": {
                            "description": "Security Group for Web Server",
                            "egress.#": "1",
                            "egress.482069346.cidr_blocks.#": "1",
                            "egress.482069346.cidr_blocks.0": "0.0.0.0/0",
                            "egress.482069346.description": "",
                            "egress.482069346.from_port": "0",
                            "egress.482069346.ipv6_cidr_blocks.#": "0",
                            "egress.482069346.prefix_list_ids.#": "0",
                            "egress.482069346.protocol": "-1",
                            "egress.482069346.security_groups.#": "0",
                            "egress.482069346.self": "false",
                            "egress.482069346.to_port": "0",
                            "id": "sg-7ce20706",
                            "ingress.#": "2",
                            "ingress.2214680975.cidr_blocks.#": "1",
                            "ingress.2214680975.cidr_blocks.0": "0.0.0.0/0",
                            "ingress.2214680975.description": "",
                            "ingress.2214680975.from_port": "80",
                            "ingress.2214680975.ipv6_cidr_blocks.#": "0",
                            "ingress.2214680975.protocol": "tcp",
                            "ingress.2214680975.security_groups.#": "0",
                            "ingress.2214680975.self": "false",
                            "ingress.2214680975.to_port": "80",
                            "ingress.2541437006.cidr_blocks.#": "1",
                            "ingress.2541437006.cidr_blocks.0": "0.0.0.0/0",
                            "ingress.2541437006.description": "",
                            "ingress.2541437006.from_port": "22",
                            "ingress.2541437006.ipv6_cidr_blocks.#": "0",
                            "ingress.2541437006.protocol": "tcp",
                            "ingress.2541437006.security_groups.#": "0",
                            "ingress.2541437006.self": "false",
                            "ingress.2541437006.to_port": "22",
                            "name": "test-web",
                            "owner_id": "104872681140",
                            "revoke_rules_on_delete": "false",
                            "tags.%": "1",
                            "tags.Name": "test-web",
                            "vpc_id": "vpc-604eb106"
                        },
                        "meta": {
                            "schema_version": "1"
                        },
                        "tainted": false
                    },
                    "deposed": [],
                    "provider": "provider.aws"
                }
            },
            "depends_on": []
        }
    ]
}
